
Microsoft Visual Studio Solution File, Format Version 12.00
# Visual Studio Version 17
VisualStudioVersion = 17.5.002.0
MinimumVisualStudioVersion = 10.0.40219.1
Project("{9A19103F-16F7-4668-BE54-9A1E7A4F7556}") = "C# Program", "C# Program.csproj", "{C36B3871-757B-42B9-973C-4B8B313C040D}"
EndProject
Global
	GlobalSection(SolutionConfigurationPlatforms) = preSolution
		Debug|Any CPU = Debug|Any CPU
		Release|Any CPU = Release|Any CPU
	EndGlobalSection
	GlobalSection(ProjectConfigurationPlatforms) = postSolution
		{C36B3871-757B-42B9-973C-4B8B313C040D}.Debug|Any CPU.ActiveCfg = Debug|Any CPU
		{C36B3871-757B-42B9-973C-4B8B313C040D}.Debug|Any CPU.Build.0 = Debug|Any CPU
		{C36B3871-757B-42B9-973C-4B8B313C040D}.Release|Any CPU.ActiveCfg = Release|Any CPU
		{C36B3871-757B-42B9-973C-4B8B313C040D}.Release|Any CPU.Build.0 = Release|Any CPU
	EndGlobalSection
	GlobalSection(SolutionProperties) = preSolution
		HideSolutionNode = FALSE
	EndGlobalSection
	GlobalSection(ExtensibilityGlobals) = postSolution
		SolutionGuid = {B36BDBC1-7A75-40C8-8044-C9004CA176D5}
	EndGlobalSection
EndGlobal
